
Microsoft Visual Studio Solution File, Format Version 12.00
# Visual Studio Version 17
VisualStudioVersion = 17.13.35825.156 d17.13
MinimumVisualStudioVersion = 10.0.40219.1
Project("{FAE04EC0-301F-11D3-BF4B-00C04F79EFBC}") = "ep_back-end", "ep_back-end\ep_back-end.csproj", "{6370189A-ABFD-45AC-8CB8-DA6FCD2F7000}"
EndProject
Global
	GlobalSection(SolutionConfigurationPlatforms) = preSolution
		Debug|Any CPU = Debug|Any CPU
		Release|Any CPU = Release|Any CPU
	EndGlobalSection
	GlobalSection(ProjectConfigurationPlatforms) = postSolution
		{6370189A-ABFD-45AC-8CB8-DA6FCD2F7000}.Debug|Any CPU.ActiveCfg = Debug|Any CPU
		{6370189A-ABFD-45AC-8CB8-DA6FCD2F7000}.Debug|Any CPU.Build.0 = Debug|Any CPU
		{6370189A-ABFD-45AC-8CB8-DA6FCD2F7000}.Release|Any CPU.ActiveCfg = Release|Any CPU
		{6370189A-ABFD-45AC-8CB8-DA6FCD2F7000}.Release|Any CPU.Build.0 = Release|Any CPU
	EndGlobalSection
	GlobalSection(SolutionProperties) = preSolution
		HideSolutionNode = FALSE
	EndGlobalSection
	GlobalSection(ExtensibilityGlobals) = postSolution
		SolutionGuid = {6F2D74CA-EE81-4275-8401-814C74B87B5B}
	EndGlobalSection
EndGlobal
